
Microsoft Visual Studio Solution File, Format Version 12.00
# Visual Studio Version 16
VisualStudioVersion = 16.0.30804.86
MinimumVisualStudioVersion = 10.0.40219.1
Project("{FAE04EC0-301F-11D3-BF4B-00C04F79EFBC}") = "AspNetFrameworkReactTemplate_TypeScript", "AspNetFrameworkReactTemplate_TypeScript\AspNetFrameworkReactTemplate_TypeScript.csproj", "{848E0436-684C-4542-9AAA-24078D78DFDC}"
EndProject
Global
	GlobalSection(SolutionConfigurationPlatforms) = preSolution
		Debug|Any CPU = Debug|Any CPU
		Release|Any CPU = Release|Any CPU
	EndGlobalSection
	GlobalSection(ProjectConfigurationPlatforms) = postSolution
		{848E0436-684C-4542-9AAA-24078D78DFDC}.Debug|Any CPU.ActiveCfg = Debug|Any CPU
		{848E0436-684C-4542-9AAA-24078D78DFDC}.Debug|Any CPU.Build.0 = Debug|Any CPU
		{848E0436-684C-4542-9AAA-24078D78DFDC}.Release|Any CPU.ActiveCfg = Release|Any CPU
		{848E0436-684C-4542-9AAA-24078D78DFDC}.Release|Any CPU.Build.0 = Release|Any CPU
	EndGlobalSection
	GlobalSection(SolutionProperties) = preSolution
		HideSolutionNode = FALSE
	EndGlobalSection
	GlobalSection(ExtensibilityGlobals) = postSolution
		SolutionGuid = {1B388C78-1503-426A-A586-63FC2A8B2135}
	EndGlobalSection
EndGlobal
